
Microsoft Visual Studio Solution File, Format Version 12.00
# Visual Studio Version 16
VisualStudioVersion = 16.0.28803.156
MinimumVisualStudioVersion = 10.0.40219.1
Project("{F2A71F9B-5D33-465A-A702-920D77279786}") = "YamlDoc", "src\YamlDoc.fsproj", "{3007C6CB-10EC-41C6-9F24-1442F3A5FBEA}"
EndProject
Project("{F2A71F9B-5D33-465A-A702-920D77279786}") = "YamlDocTest", "test\YamlDocTest.fsproj", "{BDDC143D-0E84-44F9-9480-A780BBA5CF0E}"
EndProject
Global
	GlobalSection(SolutionConfigurationPlatforms) = preSolution
		Debug|Any CPU = Debug|Any CPU
		Release|Any CPU = Release|Any CPU
	EndGlobalSection
	GlobalSection(ProjectConfigurationPlatforms) = postSolution
		{3007C6CB-10EC-41C6-9F24-1442F3A5FBEA}.Debug|Any CPU.ActiveCfg = Debug|Any CPU
		{3007C6CB-10EC-41C6-9F24-1442F3A5FBEA}.Debug|Any CPU.Build.0 = Debug|Any CPU
		{3007C6CB-10EC-41C6-9F24-1442F3A5FBEA}.Release|Any CPU.ActiveCfg = Release|Any CPU
		{3007C6CB-10EC-41C6-9F24-1442F3A5FBEA}.Release|Any CPU.Build.0 = Release|Any CPU
		{BDDC143D-0E84-44F9-9480-A780BBA5CF0E}.Debug|Any CPU.ActiveCfg = Debug|Any CPU
		{BDDC143D-0E84-44F9-9480-A780BBA5CF0E}.Debug|Any CPU.Build.0 = Debug|Any CPU
		{BDDC143D-0E84-44F9-9480-A780BBA5CF0E}.Release|Any CPU.ActiveCfg = Release|Any CPU
		{BDDC143D-0E84-44F9-9480-A780BBA5CF0E}.Release|Any CPU.Build.0 = Release|Any CPU
	EndGlobalSection
	GlobalSection(SolutionProperties) = preSolution
		HideSolutionNode = FALSE
	EndGlobalSection
	GlobalSection(ExtensibilityGlobals) = postSolution
		SolutionGuid = {A92858F4-3BE1-485B-873B-9B467169F87E}
	EndGlobalSection
EndGlobal
